
Microsoft Visual Studio Solution File, Format Version 12.00
# Visual Studio 2012
Project("{2150E333-8FDC-42A3-9474-1A3956D46DE8}") = ".nuget", ".nuget", "{CED169D0-3979-4E89-9D85-11246F9AA68C}"
	ProjectSection(SolutionItems) = preProject
		.nuget\NuGet.Config = .nuget\NuGet.Config
		.nuget\NuGet.exe = .nuget\NuGet.exe
		.nuget\NuGet.targets = .nuget\NuGet.targets
	EndProjectSection
EndProject
Project("{FAE04EC0-301F-11D3-BF4B-00C04F79EFBC}") = "NorwegianBlue.CommonAnalysis", "src\NorwegianBlue.Analysis\NorwegianBlue.CommonAnalysis.csproj", "{6B0BB122-19C3-47A2-90F7-FB5D1299E82E}"
EndProject
Project("{FAE04EC0-301F-11D3-BF4B-00C04F79EFBC}") = "NorwegianBlue.Util.Pdf", "src\NorwegianBlue.Util.Pdf\NorwegianBlue.Util.Pdf.csproj", "{1B6EDF1C-1FA0-46AF-BCF8-FC225DA4E4BE}"
EndProject
Project("{FAE04EC0-301F-11D3-BF4B-00C04F79EFBC}") = "NorwegianBlue.Util.Configuration", "src\NorwegianBlue.Util.Configuration\NorwegianBlue.Util.Configuration.csproj", "{FCC682BB-709B-4BAA-8380-41C53838360A}"
EndProject
Project("{FAE04EC0-301F-11D3-BF4B-00C04F79EFBC}") = "NorwegianBlue.Integration.Azure", "src\NorwegianBlue.Integration.Azure\NorwegianBlue.Integration.Azure.csproj", "{689E7697-1664-41F1-979D-758624BA511A}"
EndProject
Project("{FAE04EC0-301F-11D3-BF4B-00C04F79EFBC}") = "NorwegianBlue.Integration.Iago", "src\NorwegianBlue.Integration.Iago\NorwegianBlue.Integration.Iago.csproj", "{170E8018-4A2B-4AD6-9936-527648C9C127}"
EndProject
Project("{FAE04EC0-301F-11D3-BF4B-00C04F79EFBC}") = "NorwegianBlue.Reporter", "src\NorwegianBlue.Reporter\NorwegianBlue.Reporter.csproj", "{BB6F8DAE-1684-410A-B0CA-45D745B4B539}"
EndProject
Project("{FAE04EC0-301F-11D3-BF4B-00C04F79EFBC}") = "NorwegianBlue.Integration.IIS", "src\NorwegianBlue.Integration.IIS\NorwegianBlue.Integration.IIS.csproj", "{3D146E29-97B9-4CC1-AF92-212612246824}"
EndProject
Project("{FAE04EC0-301F-11D3-BF4B-00C04F79EFBC}") = "NorwegianBlue.Util.Web", "src\NorwegianBlue.Util.Web\NorwegianBlue.Util.Web.csproj", "{B56EA96B-2184-4CBA-B953-C1EB82F1D4BC}"
EndProject
Project("{FAE04EC0-301F-11D3-BF4B-00C04F79EFBC}") = "NorwegianBlue.Util.Common", "src\NorwegianBlue.Util.Common\NorwegianBlue.Util.Common.csproj", "{42D3B061-25CC-4DEA-9E60-735E6FB6D378}"
EndProject
Project("{FAE04EC0-301F-11D3-BF4B-00C04F79EFBC}") = "NorwegianBlue.Samples", "src\NorwegianBlue.Samples\NorwegianBlue.Samples.csproj", "{364A2C2A-B6BF-466B-A78B-CA7D2677156B}"
EndProject
Project("{FAE04EC0-301F-11D3-BF4B-00C04F79EFBC}") = "NorwegianBlue.Experiment", "src\NorwegianBlue.Experiment\NorwegianBlue.Experiment.csproj", "{57250B32-833E-455F-B560-3A44509FF575}"
EndProject
Project("{2150E333-8FDC-42A3-9474-1A3956D46DE8}") = "Solution Items", "Solution Items", "{5D08775B-03B2-4A6F-9BD7-7AEB2729257C}"
	ProjectSection(SolutionItems) = preProject
		ToDo.md = ToDo.md
	EndProjectSection
EndProject
Project("{FAE04EC0-301F-11D3-BF4B-00C04F79EFBC}") = "NorwegianBlue.Reporting", "src\NorwegianBlue.Reporting\NorwegianBlue.Reporting.csproj", "{A230FA8B-AB15-4151-A037-BD5D396B7DE9}"
EndProject
Global
	GlobalSection(SolutionConfigurationPlatforms) = preSolution
		Debug|Any CPU = Debug|Any CPU
		Debug|Mixed Platforms = Debug|Mixed Platforms
		Debug|x64 = Debug|x64
		Debug|x86 = Debug|x86
		Release|Any CPU = Release|Any CPU
		Release|Mixed Platforms = Release|Mixed Platforms
		Release|x64 = Release|x64
		Release|x86 = Release|x86
	EndGlobalSection
	GlobalSection(ProjectConfigurationPlatforms) = postSolution
		{6B0BB122-19C3-47A2-90F7-FB5D1299E82E}.Debug|Any CPU.ActiveCfg = Debug|Any CPU
		{6B0BB122-19C3-47A2-90F7-FB5D1299E82E}.Debug|Any CPU.Build.0 = Debug|Any CPU
		{6B0BB122-19C3-47A2-90F7-FB5D1299E82E}.Debug|Mixed Platforms.ActiveCfg = Debug|Any CPU
		{6B0BB122-19C3-47A2-90F7-FB5D1299E82E}.Debug|Mixed Platforms.Build.0 = Debug|Any CPU
		{6B0BB122-19C3-47A2-90F7-FB5D1299E82E}.Debug|x64.ActiveCfg = Debug|x64
		{6B0BB122-19C3-47A2-90F7-FB5D1299E82E}.Debug|x64.Build.0 = Debug|x64
		{6B0BB122-19C3-47A2-90F7-FB5D1299E82E}.Debug|x86.ActiveCfg = Debug|Any CPU
		{6B0BB122-19C3-47A2-90F7-FB5D1299E82E}.Release|Any CPU.ActiveCfg = Release|Any CPU
		{6B0BB122-19C3-47A2-90F7-FB5D1299E82E}.Release|Any CPU.Build.0 = Release|Any CPU
		{6B0BB122-19C3-47A2-90F7-FB5D1299E82E}.Release|Mixed Platforms.ActiveCfg = Release|Any CPU
		{6B0BB122-19C3-47A2-90F7-FB5D1299E82E}.Release|Mixed Platforms.Build.0 = Release|Any CPU
		{6B0BB122-19C3-47A2-90F7-FB5D1299E82E}.Release|x64.ActiveCfg = Release|x64
		{6B0BB122-19C3-47A2-90F7-FB5D1299E82E}.Release|x64.Build.0 = Release|x64
		{6B0BB122-19C3-47A2-90F7-FB5D1299E82E}.Release|x86.ActiveCfg = Release|Any CPU
		{1B6EDF1C-1FA0-46AF-BCF8-FC225DA4E4BE}.Debug|Any CPU.ActiveCfg = Debug|Any CPU
		{1B6EDF1C-1FA0-46AF-BCF8-FC225DA4E4BE}.Debug|Any CPU.Build.0 = Debug|Any CPU
		{1B6EDF1C-1FA0-46AF-BCF8-FC225DA4E4BE}.Debug|Mixed Platforms.ActiveCfg = Debug|Any CPU
		{1B6EDF1C-1FA0-46AF-BCF8-FC225DA4E4BE}.Debug|Mixed Platforms.Build.0 = Debug|Any CPU
		{1B6EDF1C-1FA0-46AF-BCF8-FC225DA4E4BE}.Debug|x64.ActiveCfg = Debug|x64
		{1B6EDF1C-1FA0-46AF-BCF8-FC225DA4E4BE}.Debug|x64.Build.0 = Debug|x64
		{1B6EDF1C-1FA0-46AF-BCF8-FC225DA4E4BE}.Debug|x86.ActiveCfg = Debug|Any CPU
		{1B6EDF1C-1FA0-46AF-BCF8-FC225DA4E4BE}.Release|Any CPU.ActiveCfg = Release|Any CPU
		{1B6EDF1C-1FA0-46AF-BCF8-FC225DA4E4BE}.Release|Any CPU.Build.0 = Release|Any CPU
		{1B6EDF1C-1FA0-46AF-BCF8-FC225DA4E4BE}.Release|Mixed Platforms.ActiveCfg = Release|Any CPU
		{1B6EDF1C-1FA0-46AF-BCF8-FC225DA4E4BE}.Release|Mixed Platforms.Build.0 = Release|Any CPU
		{1B6EDF1C-1FA0-46AF-BCF8-FC225DA4E4BE}.Release|x64.ActiveCfg = Release|x64
		{1B6EDF1C-1FA0-46AF-BCF8-FC225DA4E4BE}.Release|x64.Build.0 = Release|x64
		{1B6EDF1C-1FA0-46AF-BCF8-FC225DA4E4BE}.Release|x86.ActiveCfg = Release|Any CPU
		{FCC682BB-709B-4BAA-8380-41C53838360A}.Debug|Any CPU.ActiveCfg = Debug|Any CPU
		{FCC682BB-709B-4BAA-8380-41C53838360A}.Debug|Any CPU.Build.0 = Debug|Any CPU
		{FCC682BB-709B-4BAA-8380-41C53838360A}.Debug|Mixed Platforms.ActiveCfg = Debug|Any CPU
		{FCC682BB-709B-4BAA-8380-41C53838360A}.Debug|Mixed Platforms.Build.0 = Debug|Any CPU
		{FCC682BB-709B-4BAA-8380-41C53838360A}.Debug|x64.ActiveCfg = Debug|x64
		{FCC682BB-709B-4BAA-8380-41C53838360A}.Debug|x64.Build.0 = Debug|x64
		{FCC682BB-709B-4BAA-8380-41C53838360A}.Debug|x86.ActiveCfg = Debug|Any CPU
		{FCC682BB-709B-4BAA-8380-41C53838360A}.Release|Any CPU.ActiveCfg = Release|Any CPU
		{FCC682BB-709B-4BAA-8380-41C53838360A}.Release|Any CPU.Build.0 = Release|Any CPU
		{FCC682BB-709B-4BAA-8380-41C53838360A}.Release|Mixed Platforms.ActiveCfg = Release|Any CPU
		{FCC682BB-709B-4BAA-8380-41C53838360A}.Release|Mixed Platforms.Build.0 = Release|Any CPU
		{FCC682BB-709B-4BAA-8380-41C53838360A}.Release|x64.ActiveCfg = Release|x64
		{FCC682BB-709B-4BAA-8380-41C53838360A}.Release|x64.Build.0 = Release|x64
		{FCC682BB-709B-4BAA-8380-41C53838360A}.Release|x86.ActiveCfg = Release|Any CPU
		{689E7697-1664-41F1-979D-758624BA511A}.Debug|Any CPU.ActiveCfg = Debug|Any CPU
		{689E7697-1664-41F1-979D-758624BA511A}.Debug|Any CPU.Build.0 = Debug|Any CPU
		{689E7697-1664-41F1-979D-758624BA511A}.Debug|Mixed Platforms.ActiveCfg = Debug|Any CPU
		{689E7697-1664-41F1-979D-758624BA511A}.Debug|Mixed Platforms.Build.0 = Debug|Any CPU
		{689E7697-1664-41F1-979D-758624BA511A}.Debug|x64.ActiveCfg = Debug|x64
		{689E7697-1664-41F1-979D-758624BA511A}.Debug|x64.Build.0 = Debug|x64
		{689E7697-1664-41F1-979D-758624BA511A}.Debug|x86.ActiveCfg = Debug|Any CPU
		{689E7697-1664-41F1-979D-758624BA511A}.Release|Any CPU.ActiveCfg = Release|Any CPU
		{689E7697-1664-41F1-979D-758624BA511A}.Release|Any CPU.Build.0 = Release|Any CPU
		{689E7697-1664-41F1-979D-758624BA511A}.Release|Mixed Platforms.ActiveCfg = Release|Any CPU
		{689E7697-1664-41F1-979D-758624BA511A}.Release|Mixed Platforms.Build.0 = Release|Any CPU
		{689E7697-1664-41F1-979D-758624BA511A}.Release|x64.ActiveCfg = Release|x64
		{689E7697-1664-41F1-979D-758624BA511A}.Release|x64.Build.0 = Release|x64
		{689E7697-1664-41F1-979D-758624BA511A}.Release|x86.ActiveCfg = Release|Any CPU
		{170E8018-4A2B-4AD6-9936-527648C9C127}.Debug|Any CPU.ActiveCfg = Debug|Any CPU
		{170E8018-4A2B-4AD6-9936-527648C9C127}.Debug|Any CPU.Build.0 = Debug|Any CPU
		{170E8018-4A2B-4AD6-9936-527648C9C127}.Debug|Mixed Platforms.ActiveCfg = Debug|Any CPU
		{170E8018-4A2B-4AD6-9936-527648C9C127}.Debug|Mixed Platforms.Build.0 = Debug|Any CPU
		{170E8018-4A2B-4AD6-9936-527648C9C127}.Debug|x64.ActiveCfg = Debug|x64
		{170E8018-4A2B-4AD6-9936-527648C9C127}.Debug|x64.Build.0 = Debug|x64
		{170E8018-4A2B-4AD6-9936-527648C9C127}.Debug|x86.ActiveCfg = Debug|Any CPU
		{170E8018-4A2B-4AD6-9936-527648C9C127}.Release|Any CPU.ActiveCfg = Release|Any CPU
		{170E8018-4A2B-4AD6-9936-527648C9C127}.Release|Any CPU.Build.0 = Release|Any CPU
		{170E8018-4A2B-4AD6-9936-527648C9C127}.Release|Mixed Platforms.ActiveCfg = Release|Any CPU
		{170E8018-4A2B-4AD6-9936-527648C9C127}.Release|Mixed Platforms.Build.0 = Release|Any CPU
		{170E8018-4A2B-4AD6-9936-527648C9C127}.Release|x64.ActiveCfg = Release|x64
		{170E8018-4A2B-4AD6-9936-527648C9C127}.Release|x64.Build.0 = Release|x64
		{170E8018-4A2B-4AD6-9936-527648C9C127}.Release|x86.ActiveCfg = Release|Any CPU
		{BB6F8DAE-1684-410A-B0CA-45D745B4B539}.Debug|Any CPU.ActiveCfg = Debug|Any CPU
		{BB6F8DAE-1684-410A-B0CA-45D745B4B539}.Debug|Any CPU.Build.0 = Debug|Any CPU
		{BB6F8DAE-1684-410A-B0CA-45D745B4B539}.Debug|Mixed Platforms.ActiveCfg = Debug|Any CPU
		{BB6F8DAE-1684-410A-B0CA-45D745B4B539}.Debug|Mixed Platforms.Build.0 = Debug|Any CPU
		{BB6F8DAE-1684-410A-B0CA-45D745B4B539}.Debug|x64.ActiveCfg = Debug|x64
		{BB6F8DAE-1684-410A-B0CA-45D745B4B539}.Debug|x64.Build.0 = Debug|x64
		{BB6F8DAE-1684-410A-B0CA-45D745B4B539}.Debug|x86.ActiveCfg = Debug|Any CPU
		{BB6F8DAE-1684-410A-B0CA-45D745B4B539}.Release|Any CPU.ActiveCfg = Release|Any CPU
		{BB6F8DAE-1684-410A-B0CA-45D745B4B539}.Release|Any CPU.Build.0 = Release|Any CPU
		{BB6F8DAE-1684-410A-B0CA-45D745B4B539}.Release|Mixed Platforms.ActiveCfg = Release|Any CPU
		{BB6F8DAE-1684-410A-B0CA-45D745B4B539}.Release|Mixed Platforms.Build.0 = Release|Any CPU
		{BB6F8DAE-1684-410A-B0CA-45D745B4B539}.Release|x64.ActiveCfg = Release|x64
		{BB6F8DAE-1684-410A-B0CA-45D745B4B539}.Release|x64.Build.0 = Release|x64
		{BB6F8DAE-1684-410A-B0CA-45D745B4B539}.Release|x86.ActiveCfg = Release|Any CPU
		{3D146E29-97B9-4CC1-AF92-212612246824}.Debug|Any CPU.ActiveCfg = Debug|Any CPU
		{3D146E29-97B9-4CC1-AF92-212612246824}.Debug|Any CPU.Build.0 = Debug|Any CPU
		{3D146E29-97B9-4CC1-AF92-212612246824}.Debug|Mixed Platforms.ActiveCfg = Debug|Any CPU
		{3D146E29-97B9-4CC1-AF92-212612246824}.Debug|Mixed Platforms.Build.0 = Debug|Any CPU
		{3D146E29-97B9-4CC1-AF92-212612246824}.Debug|x64.ActiveCfg = Debug|x64
		{3D146E29-97B9-4CC1-AF92-212612246824}.Debug|x64.Build.0 = Debug|x64
		{3D146E29-97B9-4CC1-AF92-212612246824}.Debug|x86.ActiveCfg = Debug|Any CPU
		{3D146E29-97B9-4CC1-AF92-212612246824}.Release|Any CPU.ActiveCfg = Release|Any CPU
		{3D146E29-97B9-4CC1-AF92-212612246824}.Release|Any CPU.Build.0 = Release|Any CPU
		{3D146E29-97B9-4CC1-AF92-212612246824}.Release|Mixed Platforms.ActiveCfg = Release|Any CPU
		{3D146E29-97B9-4CC1-AF92-212612246824}.Release|Mixed Platforms.Build.0 = Release|Any CPU
		{3D146E29-97B9-4CC1-AF92-212612246824}.Release|x64.ActiveCfg = Release|x64
		{3D146E29-97B9-4CC1-AF92-212612246824}.Release|x64.Build.0 = Release|x64
		{3D146E29-97B9-4CC1-AF92-212612246824}.Release|x86.ActiveCfg = Release|Any CPU
		{B56EA96B-2184-4CBA-B953-C1EB82F1D4BC}.Debug|Any CPU.ActiveCfg = Debug|Any CPU
		{B56EA96B-2184-4CBA-B953-C1EB82F1D4BC}.Debug|Any CPU.Build.0 = Debug|Any CPU
		{B56EA96B-2184-4CBA-B953-C1EB82F1D4BC}.Debug|Mixed Platforms.ActiveCfg = Debug|Any CPU
		{B56EA96B-2184-4CBA-B953-C1EB82F1D4BC}.Debug|Mixed Platforms.Build.0 = Debug|Any CPU
		{B56EA96B-2184-4CBA-B953-C1EB82F1D4BC}.Debug|x64.ActiveCfg = Debug|x64
		{B56EA96B-2184-4CBA-B953-C1EB82F1D4BC}.Debug|x64.Build.0 = Debug|x64
		{B56EA96B-2184-4CBA-B953-C1EB82F1D4BC}.Debug|x86.ActiveCfg = Debug|Any CPU
		{B56EA96B-2184-4CBA-B953-C1EB82F1D4BC}.Release|Any CPU.ActiveCfg = Release|Any CPU
		{B56EA96B-2184-4CBA-B953-C1EB82F1D4BC}.Release|Any CPU.Build.0 = Release|Any CPU
		{B56EA96B-2184-4CBA-B953-C1EB82F1D4BC}.Release|Mixed Platforms.ActiveCfg = Release|Any CPU
		{B56EA96B-2184-4CBA-B953-C1EB82F1D4BC}.Release|Mixed Platforms.Build.0 = Release|Any CPU
		{B56EA96B-2184-4CBA-B953-C1EB82F1D4BC}.Release|x64.ActiveCfg = Release|x64
		{B56EA96B-2184-4CBA-B953-C1EB82F1D4BC}.Release|x64.Build.0 = Release|x64
		{B56EA96B-2184-4CBA-B953-C1EB82F1D4BC}.Release|x86.ActiveCfg = Release|Any CPU
		{42D3B061-25CC-4DEA-9E60-735E6FB6D378}.Debug|Any CPU.ActiveCfg = Debug|Any CPU
		{42D3B061-25CC-4DEA-9E60-735E6FB6D378}.Debug|Any CPU.Build.0 = Debug|Any CPU
		{42D3B061-25CC-4DEA-9E60-735E6FB6D378}.Debug|Mixed Platforms.ActiveCfg = Debug|Any CPU
		{42D3B061-25CC-4DEA-9E60-735E6FB6D378}.Debug|Mixed Platforms.Build.0 = Debug|Any CPU
		{42D3B061-25CC-4DEA-9E60-735E6FB6D378}.Debug|x64.ActiveCfg = Debug|x64
		{42D3B061-25CC-4DEA-9E60-735E6FB6D378}.Debug|x64.Build.0 = Debug|x64
		{42D3B061-25CC-4DEA-9E60-735E6FB6D378}.Debug|x86.ActiveCfg = Debug|Any CPU
		{42D3B061-25CC-4DEA-9E60-735E6FB6D378}.Release|Any CPU.ActiveCfg = Release|Any CPU
		{42D3B061-25CC-4DEA-9E60-735E6FB6D378}.Release|Any CPU.Build.0 = Release|Any CPU
		{42D3B061-25CC-4DEA-9E60-735E6FB6D378}.Release|Mixed Platforms.ActiveCfg = Release|Any CPU
		{42D3B061-25CC-4DEA-9E60-735E6FB6D378}.Release|Mixed Platforms.Build.0 = Release|Any CPU
		{42D3B061-25CC-4DEA-9E60-735E6FB6D378}.Release|x64.ActiveCfg = Release|x64
		{42D3B061-25CC-4DEA-9E60-735E6FB6D378}.Release|x64.Build.0 = Release|x64
		{42D3B061-25CC-4DEA-9E60-735E6FB6D378}.Release|x86.ActiveCfg = Release|Any CPU
		{364A2C2A-B6BF-466B-A78B-CA7D2677156B}.Debug|Any CPU.ActiveCfg = Debug|Any CPU
		{364A2C2A-B6BF-466B-A78B-CA7D2677156B}.Debug|Any CPU.Build.0 = Debug|Any CPU
		{364A2C2A-B6BF-466B-A78B-CA7D2677156B}.Debug|Mixed Platforms.ActiveCfg = Debug|Any CPU
		{364A2C2A-B6BF-466B-A78B-CA7D2677156B}.Debug|Mixed Platforms.Build.0 = Debug|Any CPU
		{364A2C2A-B6BF-466B-A78B-CA7D2677156B}.Debug|x64.ActiveCfg = Debug|x64
		{364A2C2A-B6BF-466B-A78B-CA7D2677156B}.Debug|x64.Build.0 = Debug|x64
		{364A2C2A-B6BF-466B-A78B-CA7D2677156B}.Debug|x86.ActiveCfg = Debug|Any CPU
		{364A2C2A-B6BF-466B-A78B-CA7D2677156B}.Release|Any CPU.ActiveCfg = Release|Any CPU
		{364A2C2A-B6BF-466B-A78B-CA7D2677156B}.Release|Any CPU.Build.0 = Release|Any CPU
		{364A2C2A-B6BF-466B-A78B-CA7D2677156B}.Release|Mixed Platforms.ActiveCfg = Release|Any CPU
		{364A2C2A-B6BF-466B-A78B-CA7D2677156B}.Release|Mixed Platforms.Build.0 = Release|Any CPU
		{364A2C2A-B6BF-466B-A78B-CA7D2677156B}.Release|x64.ActiveCfg = Release|x64
		{364A2C2A-B6BF-466B-A78B-CA7D2677156B}.Release|x64.Build.0 = Release|x64
		{364A2C2A-B6BF-466B-A78B-CA7D2677156B}.Release|x86.ActiveCfg = Release|Any CPU
		{57250B32-833E-455F-B560-3A44509FF575}.Debug|Any CPU.ActiveCfg = Debug|Any CPU
		{57250B32-833E-455F-B560-3A44509FF575}.Debug|Any CPU.Build.0 = Debug|Any CPU
		{57250B32-833E-455F-B560-3A44509FF575}.Debug|Mixed Platforms.ActiveCfg = Debug|Any CPU
		{57250B32-833E-455F-B560-3A44509FF575}.Debug|Mixed Platforms.Build.0 = Debug|Any CPU
		{57250B32-833E-455F-B560-3A44509FF575}.Debug|x64.ActiveCfg = Debug|x64
		{57250B32-833E-455F-B560-3A44509FF575}.Debug|x64.Build.0 = Debug|x64
		{57250B32-833E-455F-B560-3A44509FF575}.Debug|x86.ActiveCfg = Debug|Any CPU
		{57250B32-833E-455F-B560-3A44509FF575}.Release|Any CPU.ActiveCfg = Release|Any CPU
		{57250B32-833E-455F-B560-3A44509FF575}.Release|Any CPU.Build.0 = Release|Any CPU
		{57250B32-833E-455F-B560-3A44509FF575}.Release|Mixed Platforms.ActiveCfg = Release|Any CPU
		{57250B32-833E-455F-B560-3A44509FF575}.Release|Mixed Platforms.Build.0 = Release|Any CPU
		{57250B32-833E-455F-B560-3A44509FF575}.Release|x64.ActiveCfg = Release|x64
		{57250B32-833E-455F-B560-3A44509FF575}.Release|x64.Build.0 = Release|x64
		{57250B32-833E-455F-B560-3A44509FF575}.Release|x86.ActiveCfg = Release|Any CPU
		{A230FA8B-AB15-4151-A037-BD5D396B7DE9}.Debug|Any CPU.ActiveCfg = Debug|Any CPU
		{A230FA8B-AB15-4151-A037-BD5D396B7DE9}.Debug|Any CPU.Build.0 = Debug|Any CPU
		{A230FA8B-AB15-4151-A037-BD5D396B7DE9}.Debug|Mixed Platforms.ActiveCfg = Debug|Any CPU
		{A230FA8B-AB15-4151-A037-BD5D396B7DE9}.Debug|Mixed Platforms.Build.0 = Debug|Any CPU
		{A230FA8B-AB15-4151-A037-BD5D396B7DE9}.Debug|x64.ActiveCfg = Debug|x64
		{A230FA8B-AB15-4151-A037-BD5D396B7DE9}.Debug|x64.Build.0 = Debug|x64
		{A230FA8B-AB15-4151-A037-BD5D396B7DE9}.Debug|x86.ActiveCfg = Debug|Any CPU
		{A230FA8B-AB15-4151-A037-BD5D396B7DE9}.Release|Any CPU.ActiveCfg = Release|Any CPU
		{A230FA8B-AB15-4151-A037-BD5D396B7DE9}.Release|Any CPU.Build.0 = Release|Any CPU
		{A230FA8B-AB15-4151-A037-BD5D396B7DE9}.Release|Mixed Platforms.ActiveCfg = Release|Any CPU
		{A230FA8B-AB15-4151-A037-BD5D396B7DE9}.Release|Mixed Platforms.Build.0 = Release|Any CPU
		{A230FA8B-AB15-4151-A037-BD5D396B7DE9}.Release|x64.ActiveCfg = Release|x64
		{A230FA8B-AB15-4151-A037-BD5D396B7DE9}.Release|x64.Build.0 = Release|x64
		{A230FA8B-AB15-4151-A037-BD5D396B7DE9}.Release|x86.ActiveCfg = Release|Any CPU
	EndGlobalSection
	GlobalSection(SolutionProperties) = preSolution
		HideSolutionNode = FALSE
	EndGlobalSection
EndGlobal
